
Microsoft Visual Studio Solution File, Format Version 12.00
# Visual Studio Version 16
VisualStudioVersion = 16.0.30523.141
MinimumVisualStudioVersion = 10.0.40219.1
Project("{9A19103F-16F7-4668-BE54-9A1E7A4F7556}") = "Sbidu", "Sbidu.csproj", "{8E10113C-EC2D-4FB7-A184-1CE2B8AEF4DA}"
EndProject
Project("{FAE04EC0-301F-11D3-BF4B-00C04F79EFBC}") = "AuctionWorkerService", "..\AuctionWorkerService\AuctionWorkerService.csproj", "{1596B621-3FD7-4A3D-9305-C5B4BF14AD15}"
EndProject
Global
	GlobalSection(SolutionConfigurationPlatforms) = preSolution
		Debug|Any CPU = Debug|Any CPU
		Release|Any CPU = Release|Any CPU
	EndGlobalSection
	GlobalSection(ProjectConfigurationPlatforms) = postSolution
		{8E10113C-EC2D-4FB7-A184-1CE2B8AEF4DA}.Debug|Any CPU.ActiveCfg = Debug|Any CPU
		{8E10113C-EC2D-4FB7-A184-1CE2B8AEF4DA}.Debug|Any CPU.Build.0 = Debug|Any CPU
		{8E10113C-EC2D-4FB7-A184-1CE2B8AEF4DA}.Release|Any CPU.ActiveCfg = Release|Any CPU
		{8E10113C-EC2D-4FB7-A184-1CE2B8AEF4DA}.Release|Any CPU.Build.0 = Release|Any CPU
		{1596B621-3FD7-4A3D-9305-C5B4BF14AD15}.Debug|Any CPU.ActiveCfg = Debug|Any CPU
		{1596B621-3FD7-4A3D-9305-C5B4BF14AD15}.Debug|Any CPU.Build.0 = Debug|Any CPU
		{1596B621-3FD7-4A3D-9305-C5B4BF14AD15}.Release|Any CPU.ActiveCfg = Release|Any CPU
		{1596B621-3FD7-4A3D-9305-C5B4BF14AD15}.Release|Any CPU.Build.0 = Release|Any CPU
	EndGlobalSection
	GlobalSection(SolutionProperties) = preSolution
		HideSolutionNode = FALSE
	EndGlobalSection
	GlobalSection(ExtensibilityGlobals) = postSolution
		SolutionGuid = {241013F8-ED51-4EF3-8920-1B3C98B91669}
	EndGlobalSection
EndGlobal
